PODS:
  - Bolts (1.9.0):
    - Bolts/AppLinks (= 1.9.0)
    - Bolts/Tasks (= 1.9.0)
  - Bolts/AppLinks (1.9.0):
    - Bolts/Tasks
  - Bolts/Tasks (1.9.0)
  - Cache (5.2.0)
  - Crashlytics (3.10.9):
    - Fabric (~> 1.7.13)
  - Fabric (1.7.13)
  - FBSDKCoreKit (4.37.0):
    - Bolts (~> 1.7)
  - FBSDKLoginKit (4.37.0):
    - FBSDKCoreKit
  - Firebase/Auth (5.9.0):
    - Firebase/CoreOnly
    - FirebaseAuth (= 5.0.4)
  - Firebase/Core (5.9.0):
    - Firebase/CoreOnly
    - FirebaseAnalytics (= 5.2.0)
  - Firebase/CoreOnly (5.9.0):
    - FirebaseCore (= 5.1.4)
  - Firebase/Database (5.9.0):
    - Firebase/CoreOnly
    - FirebaseDatabase (= 5.0.3)
  - Firebase/Invites (5.9.0):
    - Firebase/Core
    - FirebaseInvites (= 3.0.1)
  - Firebase/Messaging (5.9.0):
    - Firebase/CoreOnly
    - FirebaseMessaging (= 3.1.2)
  - Firebase/MLVision (5.9.0):
    - Firebase/CoreOnly
    - FirebaseMLVision (= 0.11.0)
  - Firebase/Performance (5.9.0):
    - Firebase/Core
    - FirebasePerformance (= 2.1.2)
  - Firebase/Storage (5.9.0):
    - Firebase/CoreOnly
    - FirebaseStorage (= 3.0.2)
  - FirebaseAnalytics (5.2.0):
    - FirebaseCore (~> 5.1)
    - FirebaseInstanceID (~> 3.2)
    - GoogleAppMeasurement (~> 5.2)
    - GoogleUtilities/AppDelegateSwizzler (~> 5.2)
    - GoogleUtilities/MethodSwizzler (~> 5.2)
    - GoogleUtilities/Network (~> 5.2)
    - "GoogleUtilities/NSData+zlib (~> 5.2)"
    - nanopb (~> 0.3)
  - FirebaseAnalyticsInterop (1.0.0)
  - FirebaseAuth (5.0.4):
    - FirebaseAuthInterop (~> 1.0)
    - FirebaseCore (~> 5.0)
    - GoogleUtilities/Environment (~> 5.2)
    - GTMSessionFetcher/Core (~> 1.1)
  - FirebaseAuthInterop (1.0.0)
  - FirebaseCore (5.1.4):
    - GoogleUtilities/Logger (~> 5.2)
  - FirebaseDatabase (5.0.3):
    - FirebaseCore (~> 5.0)
    - leveldb-library (~> 1.18)
  - FirebaseDynamicLinks (3.1.0):
    - FirebaseAnalytics (~> 5.1)
    - FirebaseAnalyticsInterop (~> 1.0)
    - FirebaseCore (~> 5.1)
  - FirebaseInstanceID (3.2.2):
    - FirebaseCore (~> 5.1)
    - GoogleUtilities/Environment (~> 5.3)
    - GoogleUtilities/UserDefaults (~> 5.3)
  - FirebaseInvites (3.0.1):
    - FirebaseAnalytics (~> 5.1)
    - FirebaseDynamicLinks (~> 3.0)
    - GoogleAPIClientForREST (~> 1.0)
    - GoogleSignIn (~> 4.2)
    - GoogleToolboxForMac/Logger (~> 2.1)
    - "GoogleToolboxForMac/NSDictionary+URLArguments (~> 2.1)"
    - "GoogleToolboxForMac/NSString+URLArguments (~> 2.1)"
    - GoogleToolboxForMac/StringEncoding (~> 2.1)
    - GoogleToolboxForMac/URLBuilder (~> 2.1)
    - GTMOAuth2 (~> 1.0)
    - GTMSessionFetcher/Core (~> 1.1)
    - GTMSessionFetcher/Full (~> 1.1)
    - Protobuf (~> 3.5)
  - FirebaseMessaging (3.1.2):
    - FirebaseCore (~> 5.0)
    - FirebaseInstanceID (~> 3.0)
    - GoogleUtilities/Reachability (~> 5.2)
    - Protobuf (~> 3.1)
  - FirebaseMLCommon (0.11.0):
    - FirebaseCore (~> 5.1)
  - FirebaseMLVision (0.11.0):
    - FirebaseCore (~> 5.1)
    - FirebaseMLCommon (~> 0.11)
    - GoogleAPIClientForREST/Core (~> 1.3)
    - GoogleAPIClientForREST/Vision (~> 1.3)
    - GoogleMobileVision/Detector (~> 1.3)
  - FirebasePerformance (2.1.2):
    - FirebaseAnalytics (~> 5.1)
    - FirebaseInstanceID (~> 3.2)
    - GoogleToolboxForMac/Logger (~> 2.1)
    - "GoogleToolboxForMac/NSData+zlib (~> 2.1)"
    - GoogleUtilities/ISASwizzler (~> 5.2)
    - GoogleUtilities/MethodSwizzler (~> 5.2)
    - GTMSessionFetcher/Core (~> 1.1)
    - Protobuf (~> 3.5)
  - FirebaseStorage (3.0.2):
    - FirebaseAuthInterop (~> 1.0)
    - FirebaseCore (~> 5.0)
    - GTMSessionFetcher/Core (~> 1.1)
  - FirebaseUI/Auth (5.2.2):
    - Firebase/Auth (~> 5.0)
  - FirebaseUI/Facebook (5.2.2):
    - FBSDKLoginKit (~> 4.0)
    - FirebaseUI/Auth
  - FirebaseUI/Google (5.2.2):
    - FirebaseUI/Auth
    - GoogleSignIn (~> 4.0)
  - GoogleAPIClientForREST (1.3.6):
    - GoogleAPIClientForREST/Core (= 1.3.6)
    - GTMSessionFetcher (>= 1.1.7)
  - GoogleAPIClientForREST/Core (1.3.6):
    - GTMSessionFetcher (>= 1.1.7)
  - GoogleAPIClientForREST/Vision (1.3.6):
    - GoogleAPIClientForREST/Core
    - GTMSessionFetcher (>= 1.1.7)
  - GoogleAppMeasurement (5.2.0):
    - GoogleUtilities/AppDelegateSwizzler (~> 5.2)
    - GoogleUtilities/MethodSwizzler (~> 5.2)
    - GoogleUtilities/Network (~> 5.2)
    - "GoogleUtilities/NSData+zlib (~> 5.2)"
    - nanopb (~> 0.3)
  - GoogleMobileVision/Detector (1.4.1):
    - GoogleToolboxForMac/Logger (~> 2.1)
    - "GoogleToolboxForMac/NSData+zlib (~> 2.1)"
    - GTMSessionFetcher/Core (~> 1.1)
    - Protobuf (~> 3.1)
  - GoogleSignIn (4.2.0):
    - "GoogleToolboxForMac/NSDictionary+URLArguments (~> 2.1)"
    - "GoogleToolboxForMac/NSString+URLArguments (~> 2.1)"
    - GTMOAuth2 (~> 1.0)
    - GTMSessionFetcher/Core (~> 1.1)
  - GoogleToolboxForMac/Core (2.1.4):
    - GoogleToolboxForMac/Defines (= 2.1.4)
  - GoogleToolboxForMac/DebugUtils (2.1.4):
    - GoogleToolboxForMac/Defines (= 2.1.4)
  - GoogleToolboxForMac/Defines (2.1.4)
  - GoogleToolboxForMac/Logger (2.1.4):
    - GoogleToolboxForMac/Defines (= 2.1.4)
  - "GoogleToolboxForMac/NSData+zlib (2.1.4)":
    - GoogleToolboxForMac/Defines (= 2.1.4)
  - "GoogleToolboxForMac/NSDictionary+URLArguments (2.1.4)":
    - GoogleToolboxForMac/DebugUtils (= 2.1.4)
    - GoogleToolboxForMac/Defines (= 2.1.4)
    - "GoogleToolboxForMac/NSString+URLArguments (= 2.1.4)"
  - "GoogleToolboxForMac/NSString+URLArguments (2.1.4)"
  - GoogleToolboxForMac/StringEncoding (2.1.4):
    - GoogleToolboxForMac/Defines (= 2.1.4)
  - GoogleToolboxForMac/URLBuilder (2.1.4):
    - GoogleToolboxForMac/Core (= 2.1.4)
    - GoogleToolboxForMac/Defines (= 2.1.4)
    - "GoogleToolboxForMac/NSDictionary+URLArguments (= 2.1.4)"
    - "GoogleToolboxForMac/NSString+URLArguments (= 2.1.4)"
  - GoogleUtilities/AppDelegateSwizzler (5.3.0):
    - GoogleUtilities/Environment
    - GoogleUtilities/Logger
    - GoogleUtilities/Network
  - GoogleUtilities/Environment (5.3.0)
  - GoogleUtilities/ISASwizzler (5.3.0)
  - GoogleUtilities/Logger (5.3.0):
    - GoogleUtilities/Environment
  - GoogleUtilities/MethodSwizzler (5.3.0):
    - GoogleUtilities/Logger
  - GoogleUtilities/Network (5.3.0):
    - GoogleUtilities/Logger
    - "GoogleUtilities/NSData+zlib"
    - GoogleUtilities/Reachability
  - "GoogleUtilities/NSData+zlib (5.3.0)"
  - GoogleUtilities/Reachability (5.3.0):
    - GoogleUtilities/Logger
  - GoogleUtilities/UserDefaults (5.3.0):
    - GoogleUtilities/Logger
  - GTMOAuth2 (1.1.6):
    - GTMSessionFetcher (~> 1.1)
  - GTMSessionFetcher (1.2.0):
    - GTMSessionFetcher/Full (= 1.2.0)
  - GTMSessionFetcher/Core (1.2.0)
  - GTMSessionFetcher/Full (1.2.0):
    - GTMSessionFetcher/Core (= 1.2.0)
  - ImagePicker (3.1.0)
  - Imaginary (4.2.0):
    - Cache (~> 5.0)
  - leveldb-library (1.20)
  - Lightbox (2.3.0):
    - Imaginary (~> 4.0)
  - MaterialComponents/AnimationTiming (66.0.0)
  - MaterialComponents/BottomAppBar (66.0.0):
    - MaterialComponents/Buttons
    - MaterialComponents/NavigationBar
    - MaterialComponents/private/Math
    - MDFInternationalization
  - MaterialComponents/ButtonBar (66.0.0):
    - MaterialComponents/Buttons
    - MaterialComponents/private/Application
    - MDFInternationalization
  - MaterialComponents/Buttons (66.0.0):
    - MaterialComponents/Ink
    - MaterialComponents/private/Math
    - MaterialComponents/private/Shapes
    - MaterialComponents/ShadowElevations
    - MaterialComponents/ShadowLayer
    - MaterialComponents/Typography
    - MDFInternationalization
    - MDFTextAccessibility
  - "MaterialComponents/Buttons+ColorThemer (66.0.0)":
    - MaterialComponents/Buttons
    - MaterialComponents/schemes/Color
  - MaterialComponents/CollectionCells (66.0.0):
    - MaterialComponents/CollectionLayoutAttributes
    - MaterialComponents/Ink
    - MaterialComponents/Palettes
    - MaterialComponents/private/Icons/ic_check
    - MaterialComponents/private/Icons/ic_check_circle
    - MaterialComponents/private/Icons/ic_chevron_right
    - MaterialComponents/private/Icons/ic_info
    - MaterialComponents/private/Icons/ic_radio_button_unchecked
    - MaterialComponents/private/Icons/ic_reorder
    - MaterialComponents/private/Math
    - MaterialComponents/Typography
    - MDFInternationalization
  - MaterialComponents/CollectionLayoutAttributes (66.0.0)
  - MaterialComponents/Collections (66.0.0):
    - MaterialComponents/CollectionCells
    - MaterialComponents/CollectionLayoutAttributes
    - MaterialComponents/Ink
    - MaterialComponents/Palettes
    - MaterialComponents/ShadowElevations
    - MaterialComponents/ShadowLayer
    - MaterialComponents/Typography
  - MaterialComponents/Dialogs (66.0.0):
    - MaterialComponents/Buttons
    - MaterialComponents/private/KeyboardWatcher
    - MaterialComponents/ShadowElevations
    - MaterialComponents/ShadowLayer
    - MaterialComponents/Typography
    - MDFInternationalization
  - MaterialComponents/Ink (66.0.0):
    - MaterialComponents/private/Math
  - MaterialComponents/NavigationBar (66.0.0):
    - MaterialComponents/ButtonBar
    - MaterialComponents/private/Math
    - MaterialComponents/Typography
    - MDFInternationalization
    - MDFTextAccessibility
  - MaterialComponents/OverlayWindow (66.0.0):
    - MaterialComponents/private/Application
  - MaterialComponents/Palettes (66.0.0)
  - MaterialComponents/private/Application (66.0.0)
  - MaterialComponents/private/Icons/Base (66.0.0)
  - MaterialComponents/private/Icons/ic_check (66.0.0):
    - MaterialComponents/private/Icons/Base
  - MaterialComponents/private/Icons/ic_check_circle (66.0.0):
    - MaterialComponents/private/Icons/Base
  - MaterialComponents/private/Icons/ic_chevron_right (66.0.0):
    - MaterialComponents/private/Icons/Base
  - MaterialComponents/private/Icons/ic_info (66.0.0):
    - MaterialComponents/private/Icons/Base
  - MaterialComponents/private/Icons/ic_radio_button_unchecked (66.0.0):
    - MaterialComponents/private/Icons/Base
  - MaterialComponents/private/Icons/ic_reorder (66.0.0):
    - MaterialComponents/private/Icons/Base
  - MaterialComponents/private/KeyboardWatcher (66.0.0):
    - MaterialComponents/private/Application
  - MaterialComponents/private/Math (66.0.0)
  - MaterialComponents/private/Overlay (66.0.0)
  - MaterialComponents/private/Shapes (66.0.0):
    - MaterialComponents/private/Math
    - MaterialComponents/ShadowLayer
  - MaterialComponents/schemes/Color (66.0.0)
  - MaterialComponents/ShadowElevations (66.0.0)
  - MaterialComponents/ShadowLayer (66.0.0):
    - MaterialComponents/ShadowElevations
  - MaterialComponents/Snackbar (66.0.0):
    - MaterialComponents/AnimationTiming
    - MaterialComponents/Buttons
    - MaterialComponents/OverlayWindow
    - MaterialComponents/private/Application
    - MaterialComponents/private/KeyboardWatcher
    - MaterialComponents/private/Overlay
    - MaterialComponents/Typography
  - MaterialComponents/TextFields (66.0.0):
    - MaterialComponents/AnimationTiming
    - MaterialComponents/Palettes
    - MaterialComponents/private/Math
    - MaterialComponents/Typography
    - MDFInternationalization
  - MaterialComponents/Typography (66.0.0):
    - MaterialComponents/private/Application
    - MaterialComponents/private/Math
  - MDFInternationalization (1.1.0)
  - MDFTextAccessibility (1.2.0)
  - nanopb (0.3.8):
    - nanopb/decode (= 0.3.8)
    - nanopb/encode (= 0.3.8)
  - nanopb/decode (0.3.8)
  - nanopb/encode (0.3.8)
  - Protobuf (3.6.1)
  - SDWebImage (4.4.2):
    - SDWebImage/Core (= 4.4.2)
  - SDWebImage/Core (4.4.2)

DEPENDENCIES:
  - Crashlytics
  - Fabric
  - Firebase/Auth
  - Firebase/Database
  - Firebase/Invites
  - Firebase/Messaging
  - Firebase/MLVision
  - Firebase/Performance
  - Firebase/Storage
  - FirebaseUI/Auth
  - FirebaseUI/Facebook
  - FirebaseUI/Google
  - ImagePicker
  - Lightbox
  - MaterialComponents/BottomAppBar
  - "MaterialComponents/Buttons+ColorThemer"
  - MaterialComponents/Collections
  - MaterialComponents/Dialogs
  - MaterialComponents/Snackbar
  - MaterialComponents/TextFields
  - SDWebImage

SPEC REPOS:
  https://github.com/cocoapods/specs.git:
    - Bolts
    - Cache
    - Crashlytics
    - Fabric
    - FBSDKCoreKit
    - FBSDKLoginKit
    - Firebase
    - FirebaseAnalytics
    - FirebaseAnalyticsInterop
    - FirebaseAuth
    - FirebaseAuthInterop
    - FirebaseCore
    - FirebaseDatabase
    - FirebaseDynamicLinks
    - FirebaseInstanceID
    - FirebaseInvites
    - FirebaseMessaging
    - FirebaseMLCommon
    - FirebaseMLVision
    - FirebasePerformance
    - FirebaseStorage
    - FirebaseUI
    - GoogleAPIClientForREST
    - GoogleAppMeasurement
    - GoogleMobileVision
    - GoogleSignIn
    - GoogleToolboxForMac
    - GoogleUtilities
    - GTMOAuth2
    - GTMSessionFetcher
    - ImagePicker
    - Imaginary
    - leveldb-library
    - Lightbox
    - MaterialComponents
    - MDFInternationalization
    - MDFTextAccessibility
    - nanopb
    - Protobuf
    - SDWebImage

SPEC CHECKSUMS:
  Bolts: ac6567323eac61e203f6a9763667d0f711be34c8
  Cache: 807c5d86d01a177f06ede9865add3aea269bbfd4
  Crashlytics: 55e24fc23989680285a21cb1146578d9d18e432c
  Fabric: 25d0963b691fc97be566392243ff0ecef5a68338
  FBSDKCoreKit: fe5f3474499a81963e11e3f3a5c753d0a95ca2b4
  FBSDKLoginKit: 2f7249686d1e30ce8a5ef5400eedf50b3e3df332
  Firebase: 383fa29aca93e371cab776b48a5c66544d3c2003
  FirebaseAnalytics: 831f1f127f4a75698e9875a87bf7e2668730d953
  FirebaseAnalyticsInterop: 31b00d2a916918327308b2dff47251eb96f9e4ad
  FirebaseAuth: 504b198ceb3472dca5c65bb95544ea44cfc9439e
  FirebaseAuthInterop: 0ffa57668be100582bb7643d4fcb7615496c41fc
  FirebaseCore: 2a84b6b325792a4319ef71ee18819dcba08d2fd7
  FirebaseDatabase: e2bcbc106adc4b11a2da3ec2eb63c0c4a44f2f54
  FirebaseDynamicLinks: 33f349103fa71d463688b7671e6a60e00ac6a5af
  FirebaseInstanceID: 78ba376fcd5b94c001f9999b2cbd3d1f1e56e78d
  FirebaseInvites: da663c2436b88c2f56d13f38ea71e9055dc4c53d
  FirebaseMessaging: d6feeb06218d2675b4149b0ada925a6b707a74cf
  FirebaseMLCommon: 285b93416df5f37164ad08795cb799f253fda549
  FirebaseMLVision: b2a14ec0d0d885b6b0d0c04825794715cb755c3e
  FirebasePerformance: 65f7eb943ef3cc118899f945065ff9fa2d924e52
  FirebaseStorage: fd82e5e5c474897e19972b34b22ac0f589dce04e
  FirebaseUI: 09519bf436a055cd696bf68687d624423150e4c0
  GoogleAPIClientForREST: 5b95b38a0fa912e8ac7bdcf9e124578ef1a61bf2
  GoogleAppMeasurement: 2b3a023a61239c8d002e6e4fcf4abce8eddce0e0
  GoogleMobileVision: bedef12c0924e948fc09b8f1b38c5fe1a3594b6f
  GoogleSignIn: 591e46382014e591269f862ba6e7bc0fbd793532
  GoogleToolboxForMac: 91c824d21e85b31c2aae9bb011c5027c9b4e738f
  GoogleUtilities: 760ccb53b7c7f40f9c02d8c241f76f841a7a6162
  GTMOAuth2: c77fe325e4acd453837e72d91e3b5f13116857b2
  GTMSessionFetcher: 0c4baf0a73acd0041bf9f71ea018deedab5ea84e
  ImagePicker: db1fd7626337b2577c523bef5f499bbbe5a37079
  Imaginary: dae33d06dbc2ada22f98afef5eb45cc061311a2c
  leveldb-library: 08cba283675b7ed2d99629a4bc5fd052cd2bb6a5
  Lightbox: d317750e4132bfb871a5307cfe0a2c7d6a583c65
  MaterialComponents: 2b92bfea789f775ddb5a7060aec9edb8f7bb971b
  MDFInternationalization: b5b8626628abf026e630e5ebaeee563037712cbb
  MDFTextAccessibility: 94098925e0853551c5a311ce7c1ecefbe297cdb6
  nanopb: 5601e6bca2dbf1ed831b519092ec110f66982ca3
  Protobuf: 1eb9700044745f00181c136ef21b8ff3ad5a0fd5
  SDWebImage: 624d6e296c69b244bcede364c72ae0430ac14681

PODFILE CHECKSUM: 878910242fb1a321d5210eb910ccf95b9363f1e5

COCOAPODS: 1.5.3
