// !$*UTF8*$!
{
	archiveVersion = 1;
	classes = {
	};
	objectVersion = 46;
	objects = {

/* Begin PBXBuildFile section */
		102EA05D1F82E4030051D6D1 /* FPCardCollectionViewCell.swift in Sources */ = {isa = PBXBuildFile; fileRef = 102EA05B1F82E4030051D6D1 /* FPCardCollectionViewCell.swift */; };
		1047E98A1FB614C20084B4DD /* LaunchScreen.xib in Resources */ = {isa = PBXBuildFile; fileRef = 1047E9891FB614C20084B4DD /* LaunchScreen.xib */; };
		105756331F7E8F7500DF3352 /* FPComment.swift in Sources */ = {isa = PBXBuildFile; fileRef = 105756321F7E8F7500DF3352 /* FPComment.swift */; };
		105756351F7E93B900DF3352 /* FPUser.swift in Sources */ = {isa = PBXBuildFile; fileRef = 105756341F7E93B900DF3352 /* FPUser.swift */; };
		105756371F7E9E1C00DF3352 /* FPPost.swift in Sources */ = {isa = PBXBuildFile; fileRef = 105756361F7E9E1C00DF3352 /* FPPost.swift */; };
		105756431F7EF5D400DF3352 /* UIImage+Circle.swift in Sources */ = {isa = PBXBuildFile; fileRef = 105756421F7EF5D400DF3352 /* UIImage+Circle.swift */; };
		105D19421F8422D0008C282C /* FPAccountViewController.swift in Sources */ = {isa = PBXBuildFile; fileRef = 105D19411F8422D0008C282C /* FPAccountViewController.swift */; };
		106820591FAA9E950065C393 /* FPSearchViewController.swift in Sources */ = {isa = PBXBuildFile; fileRef = 106820581FAA9E950065C393 /* FPSearchViewController.swift */; };
		10721AB11FA28A0800C2911A /* FPCollectionReusableView.swift in Sources */ = {isa = PBXBuildFile; fileRef = 10721AB01FA28A0800C2911A /* FPCollectionReusableView.swift */; };
		107B7B891FB6686B00434803 /* FPSearchCell.swift in Sources */ = {isa = PBXBuildFile; fileRef = 107B7B881FB6686B00434803 /* FPSearchCell.swift */; };
		1082A0391FB0F8D2000C594F /* FPUploadViewController.swift in Sources */ = {isa = PBXBuildFile; fileRef = 1082A0381FB0F8D2000C594F /* FPUploadViewController.swift */; };
		10894A831F86C41C00F30A2C /* Amaranth-Bold.otf in Resources */ = {isa = PBXBuildFile; fileRef = 10894A821F86C41C00F30A2C /* Amaranth-Bold.otf */; };
		109EBC5F1FAA848B005F2162 /* FPCommentCell.swift in Sources */ = {isa = PBXBuildFile; fileRef = 109EBC5E1FAA848B005F2162 /* FPCommentCell.swift */; };
		10E1DB1F1F83FFF5001CDB18 /* FPCommentViewController.swift in Sources */ = {isa = PBXBuildFile; fileRef = 10E1DB1E1F83FFF5001CDB18 /* FPCommentViewController.swift */; };
		10E1DB291F840843001CDB18 /* FPSignInViewController.swift in Sources */ = {isa = PBXBuildFile; fileRef = 10E1DB281F840843001CDB18 /* FPSignInViewController.swift */; };
		10E1DB2C1F84106F001CDB18 /* FPAuthPickerViewController.swift in Sources */ = {isa = PBXBuildFile; fileRef = 10E1DB2A1F84106F001CDB18 /* FPAuthPickerViewController.swift */; };
		10E1DB2D1F84106F001CDB18 /* FPAuthPickerViewController.xib in Resources */ = {isa = PBXBuildFile; fileRef = 10E1DB2B1F84106F001CDB18 /* FPAuthPickerViewController.xib */; };
		10F13D5C1F953E1900A4975F /* FPCardCollectionViewCell.xib in Resources */ = {isa = PBXBuildFile; fileRef = 10F13D5A1F953E1900A4975F /* FPCardCollectionViewCell.xib */; };
		10FD8FD71F7E840800BCB991 /* AppDelegate.swift in Sources */ = {isa = PBXBuildFile; fileRef = 10FD8FD61F7E840800BCB991 /* AppDelegate.swift */; };
		10FD8FD91F7E840800BCB991 /* FPFeedViewController.swift in Sources */ = {isa = PBXBuildFile; fileRef = 10FD8FD81F7E840800BCB991 /* FPFeedViewController.swift */; };
		10FD8FDE1F7E840800BCB991 /* Main.storyboard in Resources */ = {isa = PBXBuildFile; fileRef = 10FD8FDC1F7E840800BCB991 /* Main.storyboard */; };
		10FD8FE01F7E840800BCB991 /* Assets.xcassets in Resources */ = {isa = PBXBuildFile; fileRef = 10FD8FDF1F7E840800BCB991 /* Assets.xcassets */; };
		10FEA3D41FAB927200BAD9FD /* FPPostDetailViewController.swift in Sources */ = {isa = PBXBuildFile; fileRef = 10FEA3D31FAB927200BAD9FD /* FPPostDetailViewController.swift */; };
/* End PBXBuildFile section */

/* Begin PBXFileReference section */
		102EA05B1F82E4030051D6D1 /* FPCardCollectionViewCell.swift */ = {isa = PBXFileReference; lastKnownFileType = sourcecode.swift; path = FPCardCollectionViewCell.swift; sourceTree = "<group>"; };
		1047E9891FB614C20084B4DD /* LaunchScreen.xib */ = {isa = PBXFileReference; fileEncoding = 4; lastKnownFileType = file.xib; path = LaunchScreen.xib; sourceTree = "<group>"; };
		105756321F7E8F7500DF3352 /* FPComment.swift */ = {isa = PBXFileReference; lastKnownFileType = sourcecode.swift; path = FPComment.swift; sourceTree = "<group>"; };
		105756341F7E93B900DF3352 /* FPUser.swift */ = {isa = PBXFileReference; lastKnownFileType = sourcecode.swift; path = FPUser.swift; sourceTree = "<group>"; };
		105756361F7E9E1C00DF3352 /* FPPost.swift */ = {isa = PBXFileReference; lastKnownFileType = sourcecode.swift; path = FPPost.swift; sourceTree = "<group>"; };
		105756421F7EF5D400DF3352 /* UIImage+Circle.swift */ = {isa = PBXFileReference; lastKnownFileType = sourcecode.swift; path = "UIImage+Circle.swift"; sourceTree = "<group>"; };
		105D19411F8422D0008C282C /* FPAccountViewController.swift */ = {isa = PBXFileReference; fileEncoding = 4; lastKnownFileType = sourcecode.swift; path = FPAccountViewController.swift; sourceTree = "<group>"; };
		106820581FAA9E950065C393 /* FPSearchViewController.swift */ = {isa = PBXFileReference; fileEncoding = 4; lastKnownFileType = sourcecode.swift; path = FPSearchViewController.swift; sourceTree = "<group>"; };
		10721AB01FA28A0800C2911A /* FPCollectionReusableView.swift */ = {isa = PBXFileReference; fileEncoding = 4; lastKnownFileType = sourcecode.swift; path = FPCollectionReusableView.swift; sourceTree = "<group>"; };
		107B7B881FB6686B00434803 /* FPSearchCell.swift */ = {isa = PBXFileReference; fileEncoding = 4; lastKnownFileType = sourcecode.swift; path = FPSearchCell.swift; sourceTree = "<group>"; };
		1082A0381FB0F8D2000C594F /* FPUploadViewController.swift */ = {isa = PBXFileReference; fileEncoding = 4; lastKnownFileType = sourcecode.swift; path = FPUploadViewController.swift; sourceTree = "<group>"; };
		10894A821F86C41C00F30A2C /* Amaranth-Bold.otf */ = {isa = PBXFileReference; lastKnownFileType = file; path = "Amaranth-Bold.otf"; sourceTree = "<group>"; };
		109EBC5E1FAA848B005F2162 /* FPCommentCell.swift */ = {isa = PBXFileReference; fileEncoding = 4; lastKnownFileType = sourcecode.swift; path = FPCommentCell.swift; sourceTree = "<group>"; };
		10E1DB1E1F83FFF5001CDB18 /* FPCommentViewController.swift */ = {isa = PBXFileReference; fileEncoding = 4; lastKnownFileType = sourcecode.swift; path = FPCommentViewController.swift; sourceTree = "<group>"; };
		10E1DB281F840843001CDB18 /* FPSignInViewController.swift */ = {isa = PBXFileReference; fileEncoding = 4; lastKnownFileType = sourcecode.swift; path = FPSignInViewController.swift; sourceTree = "<group>"; };
		10E1DB2A1F84106F001CDB18 /* FPAuthPickerViewController.swift */ = {isa = PBXFileReference; fileEncoding = 4; lastKnownFileType = sourcecode.swift; path = FPAuthPickerViewController.swift; sourceTree = "<group>"; };
		10E1DB2B1F84106F001CDB18 /* FPAuthPickerViewController.xib */ = {isa = PBXFileReference; fileEncoding = 4; lastKnownFileType = file.xib; path = FPAuthPickerViewController.xib; sourceTree = "<group>"; };
		10F13D5A1F953E1900A4975F /* FPCardCollectionViewCell.xib */ = {isa = PBXFileReference; fileEncoding = 4; lastKnownFileType = file.xib; path = FPCardCollectionViewCell.xib; sourceTree = "<group>"; };
		10FD8FD31F7E840800BCB991 /* FriendlyPixSwift.app */ = {isa = PBXFileReference; explicitFileType = wrapper.application; includeInIndex = 0; path = FriendlyPixSwift.app; sourceTree = BUILT_PRODUCTS_DIR; };
		10FD8FD61F7E840800BCB991 /* AppDelegate.swift */ = {isa = PBXFileReference; lastKnownFileType = sourcecode.swift; path = AppDelegate.swift; sourceTree = "<group>"; };
		10FD8FD81F7E840800BCB991 /* FPFeedViewController.swift */ = {isa = PBXFileReference; lastKnownFileType = sourcecode.swift; path = FPFeedViewController.swift; sourceTree = "<group>"; };
		10FD8FDD1F7E840800BCB991 /* Base */ = {isa = PBXFileReference; lastKnownFileType = file.storyboard; name = Base; path = Base.lproj/Main.storyboard; sourceTree = "<group>"; };
		10FD8FDF1F7E840800BCB991 /* Assets.xcassets */ = {isa = PBXFileReference; lastKnownFileType = folder.assetcatalog; path = Assets.xcassets; sourceTree = "<group>"; };
		10FD8FE41F7E840800BCB991 /* Info.plist */ = {isa = PBXFileReference; lastKnownFileType = text.plist.xml; path = Info.plist; sourceTree = "<group>"; };
		10FEA3D31FAB927200BAD9FD /* FPPostDetailViewController.swift */ = {isa = PBXFileReference; fileEncoding = 4; lastKnownFileType = sourcecode.swift; path = FPPostDetailViewController.swift; sourceTree = "<group>"; };
/* End PBXFileReference section */

/* Begin PBXFrameworksBuildPhase section */
		10FD8FD01F7E840800BCB991 /* Frameworks */ = {
			isa = PBXFrameworksBuildPhase;
			buildActionMask = 2147483647;
			files = (
			);
			runOnlyForDeploymentPostprocessing = 0;
		};
/* End PBXFrameworksBuildPhase section */

/* Begin PBXGroup section */
		10FD8FCA1F7E840800BCB991 = {
			isa = PBXGroup;
			children = (
				10FD8FD51F7E840800BCB991 /* FriendlyPixSwift */,
				10FD8FD41F7E840800BCB991 /* Products */,
			);
			sourceTree = "<group>";
		};
		10FD8FD41F7E840800BCB991 /* Products */ = {
			isa = PBXGroup;
			children = (
				10FD8FD31F7E840800BCB991 /* FriendlyPixSwift.app */,
			);
			name = Products;
			sourceTree = "<group>";
		};
		10FD8FD51F7E840800BCB991 /* FriendlyPixSwift */ = {
			isa = PBXGroup;
			children = (
				105D19411F8422D0008C282C /* FPAccountViewController.swift */,
				105756341F7E93B900DF3352 /* FPUser.swift */,
				105756321F7E8F7500DF3352 /* FPComment.swift */,
				105756361F7E9E1C00DF3352 /* FPPost.swift */,
				10FD8FD61F7E840800BCB991 /* AppDelegate.swift */,
				10FD8FD81F7E840800BCB991 /* FPFeedViewController.swift */,
				105756421F7EF5D400DF3352 /* UIImage+Circle.swift */,
				102EA05B1F82E4030051D6D1 /* FPCardCollectionViewCell.swift */,
				10F13D5A1F953E1900A4975F /* FPCardCollectionViewCell.xib */,
				10E1DB1E1F83FFF5001CDB18 /* FPCommentViewController.swift */,
				10E1DB281F840843001CDB18 /* FPSignInViewController.swift */,
				10E1DB2A1F84106F001CDB18 /* FPAuthPickerViewController.swift */,
				10FD8FDC1F7E840800BCB991 /* Main.storyboard */,
				10894A821F86C41C00F30A2C /* Amaranth-Bold.otf */,
				10FD8FDF1F7E840800BCB991 /* Assets.xcassets */,
				10FD8FE41F7E840800BCB991 /* Info.plist */,
				10E1DB2B1F84106F001CDB18 /* FPAuthPickerViewController.xib */,
				1047E9891FB614C20084B4DD /* LaunchScreen.xib */,
				10721AB01FA28A0800C2911A /* FPCollectionReusableView.swift */,
				109EBC5E1FAA848B005F2162 /* FPCommentCell.swift */,
				106820581FAA9E950065C393 /* FPSearchViewController.swift */,
				10FEA3D31FAB927200BAD9FD /* FPPostDetailViewController.swift */,
				1082A0381FB0F8D2000C594F /* FPUploadViewController.swift */,
				107B7B881FB6686B00434803 /* FPSearchCell.swift */,
			);
			path = FriendlyPixSwift;
			sourceTree = "<group>";
		};
/* End PBXGroup section */

/* Begin PBXNativeTarget section */
		10FD8FD21F7E840800BCB991 /* FriendlyPixSwift */ = {
			isa = PBXNativeTarget;
			buildConfigurationList = 10FD8FE71F7E840800BCB991 /* Build configuration list for PBXNativeTarget "FriendlyPixSwift" */;
			buildPhases = (
				10FD8FCF1F7E840800BCB991 /* Sources */,
				10FD8FD01F7E840800BCB991 /* Frameworks */,
				10FD8FD11F7E840800BCB991 /* Resources */,
				109F14ED1FBD398B008CF8C7 /* ShellScript */,
			);
			buildRules = (
			);
			dependencies = (
			);
			name = FriendlyPixSwift;
			productName = FriendlyPixSwift;
			productReference = 10FD8FD31F7E840800BCB991 /* FriendlyPixSwift.app */;
			productType = "com.apple.product-type.application";
		};
/* End PBXNativeTarget section */

/* Begin PBXProject section */
		10FD8FCB1F7E840800BCB991 /* Project object */ = {
			isa = PBXProject;
			attributes = {
				LastSwiftUpdateCheck = 0830;
				LastUpgradeCheck = 0900;
				ORGANIZATIONNAME = "Ibrahim Ulukaya";
				TargetAttributes = {
					10FD8FD21F7E840800BCB991 = {
						CreatedOnToolsVersion = 8.3.3;
						DevelopmentTeam = EQHXZ8M8AV;
						LastSwiftMigration = 0900;
						ProvisioningStyle = Automatic;
					};
				};
			};
			buildConfigurationList = 10FD8FCE1F7E840800BCB991 /* Build configuration list for PBXProject "FriendlyPixSwift" */;
			compatibilityVersion = "Xcode 3.2";
			developmentRegion = English;
			hasScannedForEncodings = 0;
			knownRegions = (
				en,
				Base,
			);
			mainGroup = 10FD8FCA1F7E840800BCB991;
			productRefGroup = 10FD8FD41F7E840800BCB991 /* Products */;
			projectDirPath = "";
			projectRoot = "";
			targets = (
				10FD8FD21F7E840800BCB991 /* FriendlyPixSwift */,
			);
		};
/* End PBXProject section */

/* Begin PBXResourcesBuildPhase section */
		10FD8FD11F7E840800BCB991 /* Resources */ = {
			isa = PBXResourcesBuildPhase;
			buildActionMask = 2147483647;
			files = (
				10894A831F86C41C00F30A2C /* Amaranth-Bold.otf in Resources */,
				10E1DB2D1F84106F001CDB18 /* FPAuthPickerViewController.xib in Resources */,
				1047E98A1FB614C20084B4DD /* LaunchScreen.xib in Resources */,
				10FD8FE01F7E840800BCB991 /* Assets.xcassets in Resources */,
				10F13D5C1F953E1900A4975F /* FPCardCollectionViewCell.xib in Resources */,
				10FD8FDE1F7E840800BCB991 /* Main.storyboard in Resources */,
			);
			runOnlyForDeploymentPostprocessing = 0;
		};
/* End PBXResourcesBuildPhase section */

/* Begin PBXShellScriptBuildPhase section */
		109F14ED1FBD398B008CF8C7 /* ShellScript */ = {
			isa = PBXShellScriptBuildPhase;
			buildActionMask = 2147483647;
			files = (
			);
			inputPaths = (
			);
			outputPaths = (
			);
			runOnlyForDeploymentPostprocessing = 0;
			shellPath = /bin/sh;
			shellScript = "if which swiftlint >/dev/null; then\nswiftlint\nfi";
		};
/* End PBXShellScriptBuildPhase section */

/* Begin PBXSourcesBuildPhase section */
		10FD8FCF1F7E840800BCB991 /* Sources */ = {
			isa = PBXSourcesBuildPhase;
			buildActionMask = 2147483647;
			files = (
				10E1DB291F840843001CDB18 /* FPSignInViewController.swift in Sources */,
				105756351F7E93B900DF3352 /* FPUser.swift in Sources */,
				102EA05D1F82E4030051D6D1 /* FPCardCollectionViewCell.swift in Sources */,
				109EBC5F1FAA848B005F2162 /* FPCommentCell.swift in Sources */,
				10721AB11FA28A0800C2911A /* FPCollectionReusableView.swift in Sources */,
				10E1DB2C1F84106F001CDB18 /* FPAuthPickerViewController.swift in Sources */,
				10FEA3D41FAB927200BAD9FD /* FPPostDetailViewController.swift in Sources */,
				106820591FAA9E950065C393 /* FPSearchViewController.swift in Sources */,
				10FD8FD71F7E840800BCB991 /* AppDelegate.swift in Sources */,
				105D19421F8422D0008C282C /* FPAccountViewController.swift in Sources */,
				1082A0391FB0F8D2000C594F /* FPUploadViewController.swift in Sources */,
				105756431F7EF5D400DF3352 /* UIImage+Circle.swift in Sources */,
				10FD8FD91F7E840800BCB991 /* FPFeedViewController.swift in Sources */,
				105756331F7E8F7500DF3352 /* FPComment.swift in Sources */,
				10E1DB1F1F83FFF5001CDB18 /* FPCommentViewController.swift in Sources */,
				107B7B891FB6686B00434803 /* FPSearchCell.swift in Sources */,
				105756371F7E9E1C00DF3352 /* FPPost.swift in Sources */,
			);
			runOnlyForDeploymentPostprocessing = 0;
		};
/* End PBXSourcesBuildPhase section */

/* Begin PBXVariantGroup section */
		10FD8FDC1F7E840800BCB991 /* Main.storyboard */ = {
			isa = PBXVariantGroup;
			children = (
				10FD8FDD1F7E840800BCB991 /* Base */,
			);
			name = Main.storyboard;
			sourceTree = "<group>";
		};
/* End PBXVariantGroup section */

/* Begin XCBuildConfiguration section */
		10FD8FE51F7E840800BCB991 /* Debug */ = {
			isa = XCBuildConfiguration;
			buildSettings = {
				ALWAYS_SEARCH_USER_PATHS = NO;
				CLANG_ANALYZER_NONNULL = YES;
				CLANG_ANALYZER_NUMBER_OBJECT_CONVERSION = YES_AGGRESSIVE;
				CLANG_CXX_LANGUAGE_STANDARD = "gnu++0x";
				CLANG_CXX_LIBRARY = "libc++";
				CLANG_ENABLE_MODULES = YES;
				CLANG_ENABLE_OBJC_ARC = YES;
				CLANG_WARN_BLOCK_CAPTURE_AUTORELEASING = YES;
				CLANG_WARN_BOOL_CONVERSION = YES;
				CLANG_WARN_COMMA = YES;
				CLANG_WARN_CONSTANT_CONVERSION = YES;
				CLANG_WARN_DIRECT_OBJC_ISA_USAGE = YES_ERROR;
				CLANG_WARN_DOCUMENTATION_COMMENTS = YES;
				CLANG_WARN_EMPTY_BODY = YES;
				CLANG_WARN_ENUM_CONVERSION = YES;
				CLANG_WARN_INFINITE_RECURSION = YES;
				CLANG_WARN_INT_CONVERSION = YES;
				CLANG_WARN_NON_LITERAL_NULL_CONVERSION = YES;
				CLANG_WARN_OBJC_LITERAL_CONVERSION = YES;
				CLANG_WARN_OBJC_ROOT_CLASS = YES_ERROR;
				CLANG_WARN_RANGE_LOOP_ANALYSIS = YES;
				CLANG_WARN_STRICT_PROTOTYPES = YES;
				CLANG_WARN_SUSPICIOUS_MOVE = YES;
				CLANG_WARN_UNREACHABLE_CODE = YES;
				CLANG_WARN__DUPLICATE_METHOD_MATCH = YES;
				"CODE_SIGN_IDENTITY[sdk=iphoneos*]" = "iPhone Developer";
				COPY_PHASE_STRIP = NO;
				DEBUG_INFORMATION_FORMAT = dwarf;
				ENABLE_STRICT_OBJC_MSGSEND = YES;
				ENABLE_TESTABILITY = YES;
				GCC_C_LANGUAGE_STANDARD = gnu99;
				GCC_DYNAMIC_NO_PIC = NO;
				GCC_NO_COMMON_BLOCKS = YES;
				GCC_OPTIMIZATION_LEVEL = 0;
				GCC_PREPROCESSOR_DEFINITIONS = (
					"DEBUG=1",
					"$(inherited)",
				);
				GCC_WARN_64_TO_32_BIT_CONVERSION = YES;
				GCC_WARN_ABOUT_RETURN_TYPE = YES_ERROR;
				GCC_WARN_UNDECLARED_SELECTOR = YES;
				GCC_WARN_UNINITIALIZED_AUTOS = YES_AGGRESSIVE;
				GCC_WARN_UNUSED_FUNCTION = YES;
				GCC_WARN_UNUSED_VARIABLE = YES;
				IPHONEOS_DEPLOYMENT_TARGET = 10.3;
				MTL_ENABLE_DEBUG_INFO = YES;
				ONLY_ACTIVE_ARCH = YES;
				SDKROOT = iphoneos;
				SWIFT_ACTIVE_COMPILATION_CONDITIONS = DEBUG;
				SWIFT_OPTIMIZATION_LEVEL = "-Onone";
				TARGETED_DEVICE_FAMILY = "1,2";
			};
			name = Debug;
		};
		10FD8FE61F7E840800BCB991 /* Release */ = {
			isa = XCBuildConfiguration;
			buildSettings = {
				ALWAYS_SEARCH_USER_PATHS = NO;
				CLANG_ANALYZER_NONNULL = YES;
				CLANG_ANALYZER_NUMBER_OBJECT_CONVERSION = YES_AGGRESSIVE;
				CLANG_CXX_LANGUAGE_STANDARD = "gnu++0x";
				CLANG_CXX_LIBRARY = "libc++";
				CLANG_ENABLE_MODULES = YES;
				CLANG_ENABLE_OBJC_ARC = YES;
				CLANG_WARN_BLOCK_CAPTURE_AUTORELEASING = YES;
				CLANG_WARN_BOOL_CONVERSION = YES;
				CLANG_WARN_COMMA = YES;
				CLANG_WARN_CONSTANT_CONVERSION = YES;
				CLANG_WARN_DIRECT_OBJC_ISA_USAGE = YES_ERROR;
				CLANG_WARN_DOCUMENTATION_COMMENTS = YES;
				CLANG_WARN_EMPTY_BODY = YES;
				CLANG_WARN_ENUM_CONVERSION = YES;
				CLANG_WARN_INFINITE_RECURSION = YES;
				CLANG_WARN_INT_CONVERSION = YES;
				CLANG_WARN_NON_LITERAL_NULL_CONVERSION = YES;
				CLANG_WARN_OBJC_LITERAL_CONVERSION = YES;
				CLANG_WARN_OBJC_ROOT_CLASS = YES_ERROR;
				CLANG_WARN_RANGE_LOOP_ANALYSIS = YES;
				CLANG_WARN_STRICT_PROTOTYPES = YES;
				CLANG_WARN_SUSPICIOUS_MOVE = YES;
				CLANG_WARN_UNREACHABLE_CODE = YES;
				CLANG_WARN__DUPLICATE_METHOD_MATCH = YES;
				"CODE_SIGN_IDENTITY[sdk=iphoneos*]" = "iPhone Developer";
				COPY_PHASE_STRIP = NO;
				DEBUG_INFORMATION_FORMAT = "dwarf-with-dsym";
				ENABLE_NS_ASSERTIONS = NO;
				ENABLE_STRICT_OBJC_MSGSEND = YES;
				GCC_C_LANGUAGE_STANDARD = gnu99;
				GCC_NO_COMMON_BLOCKS = YES;
				GCC_WARN_64_TO_32_BIT_CONVERSION = YES;
				GCC_WARN_ABOUT_RETURN_TYPE = YES_ERROR;
				GCC_WARN_UNDECLARED_SELECTOR = YES;
				GCC_WARN_UNINITIALIZED_AUTOS = YES_AGGRESSIVE;
				GCC_WARN_UNUSED_FUNCTION = YES;
				GCC_WARN_UNUSED_VARIABLE = YES;
				IPHONEOS_DEPLOYMENT_TARGET = 10.3;
				MTL_ENABLE_DEBUG_INFO = NO;
				SDKROOT = iphoneos;
				SWIFT_OPTIMIZATION_LEVEL = "-Owholemodule";
				TARGETED_DEVICE_FAMILY = "1,2";
				VALIDATE_PRODUCT = YES;
			};
			name = Release;
		};
		10FD8FE81F7E840800BCB991 /* Debug */ = {
			isa = XCBuildConfiguration;
			buildSettings = {
				ASSETCATALOG_COMPILER_APPICON_NAME = AppIcon;
				ASSETCATALOG_COMPILER_LAUNCHIMAGE_NAME = LaunchImage;
				DEVELOPMENT_TEAM = EQHXZ8M8AV;
				INFOPLIST_FILE = FriendlyPixSwift/Info.plist;
				LD_RUNPATH_SEARCH_PATHS = "$(inherited) @executable_path/Frameworks";
				PRODUCT_BUNDLE_IDENTIFIER = com.google.firebase.friendlypix;
				PRODUCT_NAME = "$(TARGET_NAME)";
				SWIFT_SWIFT3_OBJC_INFERENCE = Default;
				SWIFT_VERSION = 3.0;
			};
			name = Debug;
		};
		10FD8FE91F7E840800BCB991 /* Release */ = {
			isa = XCBuildConfiguration;
			buildSettings = {
				ASSETCATALOG_COMPILER_APPICON_NAME = AppIcon;
				ASSETCATALOG_COMPILER_LAUNCHIMAGE_NAME = LaunchImage;
				DEVELOPMENT_TEAM = EQHXZ8M8AV;
				INFOPLIST_FILE = FriendlyPixSwift/Info.plist;
				LD_RUNPATH_SEARCH_PATHS = "$(inherited) @executable_path/Frameworks";
				PRODUCT_BUNDLE_IDENTIFIER = com.google.firebase.friendlypix;
				PRODUCT_NAME = "$(TARGET_NAME)";
				SWIFT_SWIFT3_OBJC_INFERENCE = Default;
				SWIFT_VERSION = 3.0;
			};
			name = Release;
		};
/* End XCBuildConfiguration section */

/* Begin XCConfigurationList section */
		10FD8FCE1F7E840800BCB991 /* Build configuration list for PBXProject "FriendlyPixSwift" */ = {
			isa = XCConfigurationList;
			buildConfigurations = (
				10FD8FE51F7E840800BCB991 /* Debug */,
				10FD8FE61F7E840800BCB991 /* Release */,
			);
			defaultConfigurationIsVisible = 0;
			defaultConfigurationName = Release;
		};
		10FD8FE71F7E840800BCB991 /* Build configuration list for PBXNativeTarget "FriendlyPixSwift" */ = {
			isa = XCConfigurationList;
			buildConfigurations = (
				10FD8FE81F7E840800BCB991 /* Debug */,
				10FD8FE91F7E840800BCB991 /* Release */,
			);
			defaultConfigurationIsVisible = 0;
			defaultConfigurationName = Release;
		};
/* End XCConfigurationList section */
	};
	rootObject = 10FD8FCB1F7E840800BCB991 /* Project object */;
}
